<?xml version="1.0" encoding="utf-8"?>
<Project ToolsVersion="4.0" xmlns="http://schemas.microsoft.com/developer/msbuild/2003">
  <ItemGroup>
    <Filter Include="Files">
      <UniqueIdentifier>{4FC737F1-C7A5-4376-A066-2A32D752A2FF}</UniqueIdentifier>
      <Extensions>cpp;c;cc;cxx;c++;cppm;ixx;def;odl;idl;hpj;bat;asm;asmx</Extensions>
    </Filter>
    <Filter Include="Libs">
      <UniqueIdentifier>{5d323b84-e99b-4f1e-9222-787f93304eca}</UniqueIdentifier>
    </Filter>
    <Filter Include="Libs\glad">
      <UniqueIdentifier>{e4998130-0bf4-49c4-8f55-fc83078931ae}</UniqueIdentifier>
    </Filter>
    <Filter Include="Libs\glfw">
      <UniqueIdentifier>{15bf9f45-b7b6-44c7-9026-6915d15c959d}</UniqueIdentifier>
    </Filter>
    <Filter Include="Files\Application">
      <UniqueIdentifier>{af0b44f9-c937-4b8b-8477-a2d639179442}</UniqueIdentifier>
    </Filter>
    <Filter Include="Files\Maze">
      <UniqueIdentifier>{ed8ccaca-5f56-449d-9714-a53b8d23fc39}</UniqueIdentifier>
    </Filter>
  </ItemGroup>
  <ItemGroup>
    <ClCompile Include="MazeGeneratorSolver.cpp">
      <Filter>Files</Filter>
    </ClCompile>
    <ClCompile Include="Libs\glad\src\glad.c">
      <Filter>Libs\glad</Filter>
    </ClCompile>
    <ClCompile Include="Application.cpp">
      <Filter>Files\Application</Filter>
    </ClCompile>
    <ClCompile Include="Maze.cpp">
      <Filter>Files\Maze</Filter>
    </ClCompile>
  </ItemGroup>
  <ItemGroup>
    <ClInclude Include="Libs\GLFW\glfw3.h">
      <Filter>Libs\glfw</Filter>
    </ClInclude>
    <ClInclude Include="Libs\GLFW\glfw3native.h">
      <Filter>Libs\glfw</Filter>
    </ClInclude>
    <ClInclude Include="Libs\glad\include\KHR\khrplatform.h">
      <Filter>Libs\glad</Filter>
    </ClInclude>
    <ClInclude Include="Libs\glad\include\glad\glad.h">
      <Filter>Libs\glad</Filter>
    </ClInclude>
    <ClInclude Include="Application.h">
      <Filter>Files\Application</Filter>
    </ClInclude>
    <ClInclude Include="Settings.h">
      <Filter>Files</Filter>
    </ClInclude>
    <ClInclude Include="Maze.h">
      <Filter>Files\Maze</Filter>
    </ClInclude>
    <ClInclude Include="Utils.h">
      <Filter>Files</Filter>
    </ClInclude>
  </ItemGroup>
</Project>